
Microsoft Visual Studio Solution File, Format Version 12.00
# Visual Studio Version 16
VisualStudioVersion = 16.0.31402.337
MinimumVisualStudioVersion = 10.0.40219.1
Project("{9A19103F-16F7-4668-BE54-9A1E7A4F7556}") = "Shapes.Api", "Shapes.Api\Shapes.Api.csproj", "{FB05F413-18B7-49E9-965B-E8DEBE35EFAB}"
EndProject
Project("{9A19103F-16F7-4668-BE54-9A1E7A4F7556}") = "Shapes.Domain", "Shapes.Domain\Shapes.Domain.csproj", "{6E7F80F9-D057-4154-A566-38A073FE629B}"
EndProject
Project("{9A19103F-16F7-4668-BE54-9A1E7A4F7556}") = "Shapes.Data", "Shapes.Data\Shapes.Data.csproj", "{D8DC0B0F-0EA9-4466-AB43-394FDDA7261B}"
EndProject
Project("{FAE04EC0-301F-11D3-BF4B-00C04F79EFBC}") = "Shapes.Application", "Shapes.Application\Shapes.Application.csproj", "{7E7A537A-E3C6-4049-98B1-5F391E0F5830}"
EndProject
Global
	GlobalSection(SolutionConfigurationPlatforms) = preSolution
		Debug|Any CPU = Debug|Any CPU
		Release|Any CPU = Release|Any CPU
	EndGlobalSection
	GlobalSection(ProjectConfigurationPlatforms) = postSolution
		{FB05F413-18B7-49E9-965B-E8DEBE35EFAB}.Debug|Any CPU.ActiveCfg = Debug|Any CPU
		{FB05F413-18B7-49E9-965B-E8DEBE35EFAB}.Debug|Any CPU.Build.0 = Debug|Any CPU
		{FB05F413-18B7-49E9-965B-E8DEBE35EFAB}.Release|Any CPU.ActiveCfg = Release|Any CPU
		{FB05F413-18B7-49E9-965B-E8DEBE35EFAB}.Release|Any CPU.Build.0 = Release|Any CPU
		{6E7F80F9-D057-4154-A566-38A073FE629B}.Debug|Any CPU.ActiveCfg = Debug|Any CPU
		{6E7F80F9-D057-4154-A566-38A073FE629B}.Debug|Any CPU.Build.0 = Debug|Any CPU
		{6E7F80F9-D057-4154-A566-38A073FE629B}.Release|Any CPU.ActiveCfg = Release|Any CPU
		{6E7F80F9-D057-4154-A566-38A073FE629B}.Release|Any CPU.Build.0 = Release|Any CPU
		{D8DC0B0F-0EA9-4466-AB43-394FDDA7261B}.Debug|Any CPU.ActiveCfg = Debug|Any CPU
		{D8DC0B0F-0EA9-4466-AB43-394FDDA7261B}.Debug|Any CPU.Build.0 = Debug|Any CPU
		{D8DC0B0F-0EA9-4466-AB43-394FDDA7261B}.Release|Any CPU.ActiveCfg = Release|Any CPU
		{D8DC0B0F-0EA9-4466-AB43-394FDDA7261B}.Release|Any CPU.Build.0 = Release|Any CPU
		{7E7A537A-E3C6-4049-98B1-5F391E0F5830}.Debug|Any CPU.ActiveCfg = Debug|Any CPU
		{7E7A537A-E3C6-4049-98B1-5F391E0F5830}.Debug|Any CPU.Build.0 = Debug|Any CPU
		{7E7A537A-E3C6-4049-98B1-5F391E0F5830}.Release|Any CPU.ActiveCfg = Release|Any CPU
		{7E7A537A-E3C6-4049-98B1-5F391E0F5830}.Release|Any CPU.Build.0 = Release|Any CPU
	EndGlobalSection
	GlobalSection(SolutionProperties) = preSolution
		HideSolutionNode = FALSE
	EndGlobalSection
	GlobalSection(ExtensibilityGlobals) = postSolution
		SolutionGuid = {C077D95B-C419-4541-817E-175B4EC158DB}
	EndGlobalSection
EndGlobal
